
Microsoft Visual Studio Solution File, Format Version 12.00
# Visual Studio Version 17
VisualStudioVersion = 17.14.36705.20 d17.14
MinimumVisualStudioVersion = 10.0.40219.1
Project("{FAE04EC0-301F-11D3-BF4B-00C04F79EFBC}") = "SMS.API", "SMS.API.csproj", "{2F123645-0079-CF4E-EC17-F5CFEAA43113}"
EndProject
Global
	GlobalSection(SolutionConfigurationPlatforms) = preSolution
		Debug|Any CPU = Debug|Any CPU
		Release|Any CPU = Release|Any CPU
	EndGlobalSection
	GlobalSection(ProjectConfigurationPlatforms) = postSolution
		{2F123645-0079-CF4E-EC17-F5CFEAA43113}.Debug|Any CPU.ActiveCfg = Debug|Any CPU
		{2F123645-0079-CF4E-EC17-F5CFEAA43113}.Debug|Any CPU.Build.0 = Debug|Any CPU
		{2F123645-0079-CF4E-EC17-F5CFEAA43113}.Release|Any CPU.ActiveCfg = Release|Any CPU
		{2F123645-0079-CF4E-EC17-F5CFEAA43113}.Release|Any CPU.Build.0 = Release|Any CPU
	EndGlobalSection
	GlobalSection(SolutionProperties) = preSolution
		HideSolutionNode = FALSE
	EndGlobalSection
	GlobalSection(ExtensibilityGlobals) = postSolution
		SolutionGuid = {E93403F3-A46B-4C8F-A74E-67F6A6B63B4B}
	EndGlobalSection
EndGlobal
